
Microsoft Visual Studio Solution File, Format Version 12.00
# Visual Studio 15
VisualStudioVersion = 15.0.27428.2037
MinimumVisualStudioVersion = 10.0.40219.1
Project("{FAE04EC0-301F-11D3-BF4B-00C04F79EFBC}") = "SearchUser.Api", "SearchUser.Api\SearchUser.Api.csproj", "{0F58A061-C0CF-43C6-B5BC-91D6C8B7AD25}"
EndProject
Global
	GlobalSection(SolutionConfigurationPlatforms) = preSolution
		Debug|Any CPU = Debug|Any CPU
		Release|Any CPU = Release|Any CPU
	EndGlobalSection
	GlobalSection(ProjectConfigurationPlatforms) = postSolution
		{0F58A061-C0CF-43C6-B5BC-91D6C8B7AD25}.Debug|Any CPU.ActiveCfg = Debug|Any CPU
		{0F58A061-C0CF-43C6-B5BC-91D6C8B7AD25}.Debug|Any CPU.Build.0 = Debug|Any CPU
		{0F58A061-C0CF-43C6-B5BC-91D6C8B7AD25}.Release|Any CPU.ActiveCfg = Release|Any CPU
		{0F58A061-C0CF-43C6-B5BC-91D6C8B7AD25}.Release|Any CPU.Build.0 = Release|Any CPU
	EndGlobalSection
	GlobalSection(SolutionProperties) = preSolution
		HideSolutionNode = FALSE
	EndGlobalSection
	GlobalSection(ExtensibilityGlobals) = postSolution
		SolutionGuid = {493CDE87-34CD-424A-BDA9-A9F8D431AD61}
	EndGlobalSection
EndGlobal
